PODS:
  - Flutter (1.0.0)
  - flutter_jpush (0.0.1):
    - Flutter
    - JPush
  - FMDB (2.7.5):
    - FMDB/standard (= 2.7.5)
  - FMDB/standard (2.7.5)
  - JCore (2.1.1)
  - JPush (3.2.1):
    - JCore (< 3.0.0, >= 2.0.0)
  - package_info (0.0.1):
    - Flutter
  - path_provider (0.0.1):
    - Flutter
  - shared_preferences (0.0.1):
    - Flutter
  - sqflite (0.0.1):
    - Flutter
    - FMDB (~> 2.7.2)
  - url_launcher (0.0.1):
    - Flutter
  - webview_flutter (0.0.1):
    - Flutter

DEPENDENCIES:
  - Flutter (from `.symlinks/flutter/ios`)
  - flutter_jpush (from `.symlinks/plugins/flutter_jpush/ios`)
  - package_info (from `.symlinks/plugins/package_info/ios`)
  - path_provider (from `.symlinks/plugins/path_provider/ios`)
  - shared_preferences (from `.symlinks/plugins/shared_preferences/ios`)
  - sqflite (from `.symlinks/plugins/sqflite/ios`)
  - url_launcher (from `.symlinks/plugins/url_launcher/ios`)
  - webview_flutter (from `.symlinks/plugins/webview_flutter/ios`)

SPEC REPOS:
  https://github.com/cocoapods/specs.git:
    - FMDB
    - JCore
    - JPush

EXTERNAL SOURCES:
  Flutter:
    :path: ".symlinks/flutter/ios"
  flutter_jpush:
    :path: ".symlinks/plugins/flutter_jpush/ios"
  package_info:
    :path: ".symlinks/plugins/package_info/ios"
  path_provider:
    :path: ".symlinks/plugins/path_provider/ios"
  shared_preferences:
    :path: ".symlinks/plugins/shared_preferences/ios"
  sqflite:
    :path: ".symlinks/plugins/sqflite/ios"
  url_launcher:
    :path: ".symlinks/plugins/url_launcher/ios"
  webview_flutter:
    :path: ".symlinks/plugins/webview_flutter/ios"

SPEC CHECKSUMS:
  Flutter: 0e3d915762c693b495b44d77113d4970485de6ec
  flutter_jpush: bb278c661136b2a2032e96ffc15bbce871d3fb02
  FMDB: 2ce00b547f966261cd18927a3ddb07cb6f3db82a
  JCore: 4072327557f0b83cc22dd4041f2f839740c0077b
  JPush: a1ff8b8ec53fa3419b414946e4db4efa313baeae
  package_info: 48b108e75b8802c2d5e126f208ef540561c98aef
  path_provider: fb74bd0465e96b594bb3b5088ee4a4e7bb1f2a9d
  shared_preferences: 430726339841afefe5142b9c1f50cb6bd7793e01
  sqflite: ff1d9da63c06588cc8d1faf7256d741f16989d5a
  url_launcher: a1c0cc845906122c4784c542523d8cacbded5626
  webview_flutter: db3aba222b23e4dc432e0c5882834123dc50ff9f

PODFILE CHECKSUM: b6a0a141693093b304368d08511b46cf3d1d0ac5

COCOAPODS: 1.7.5
